
Microsoft Visual Studio Solution File, Format Version 12.00
# Visual Studio Version 16
VisualStudioVersion = 16.0.30104.148
MinimumVisualStudioVersion = 10.0.40219.1
Project("{6EC3EE1D-3C4E-46DD-8F32-0CC8E7565705}") = "app", "src\app\app.fsproj", "{E0D80E2C-E15A-4A43-A8D1-CD71521ED441}"
EndProject
Project("{2150E333-8FDC-42A3-9474-1A3956D46DE8}") = "Solution Items", "Solution Items", "{672E0C03-8A08-4D48-BD57-E06025439E3A}"
	ProjectSection(SolutionItems) = preProject
		.gitignore = .gitignore
		docs\resonimg.md = docs\resonimg.md
	EndProjectSection
EndProject
Global
	GlobalSection(SolutionConfigurationPlatforms) = preSolution
		Debug|Any CPU = Debug|Any CPU
		Release|Any CPU = Release|Any CPU
	EndGlobalSection
	GlobalSection(ProjectConfigurationPlatforms) = postSolution
		{E0D80E2C-E15A-4A43-A8D1-CD71521ED441}.Debug|Any CPU.ActiveCfg = Debug|Any CPU
		{E0D80E2C-E15A-4A43-A8D1-CD71521ED441}.Debug|Any CPU.Build.0 = Debug|Any CPU
		{E0D80E2C-E15A-4A43-A8D1-CD71521ED441}.Release|Any CPU.ActiveCfg = Release|Any CPU
		{E0D80E2C-E15A-4A43-A8D1-CD71521ED441}.Release|Any CPU.Build.0 = Release|Any CPU
	EndGlobalSection
	GlobalSection(SolutionProperties) = preSolution
		HideSolutionNode = FALSE
	EndGlobalSection
	GlobalSection(ExtensibilityGlobals) = postSolution
		SolutionGuid = {1EF56F16-2A51-4C23-BE6C-6F237E6C6037}
	EndGlobalSection
EndGlobal
