
Microsoft Visual Studio Solution File, Format Version 12.00
# Visual Studio Version 16
VisualStudioVersion = 16.0.30104.148
MinimumVisualStudioVersion = 10.0.40219.1
Project("{2150E333-8FDC-42A3-9474-1A3956D46DE8}") = "Solution Items", "Solution Items", "{672E0C03-8A08-4D48-BD57-E06025439E3A}"
	ProjectSection(SolutionItems) = preProject
		.gitignore = .gitignore
		scripts\lint.ps1 = scripts\lint.ps1
		readme.md = readme.md
		docs\resonimg.md = docs\resonimg.md
		docs\results.md = docs\results.md
		docs\todo.md = docs\todo.md
	EndProjectSection
EndProject
Project("{6EC3EE1D-3C4E-46DD-8F32-0CC8E7565705}") = "edLayout", "src\edLayout\edLayout.fsproj", "{D34B1902-79FC-4451-A483-74A5430F15AC}"
EndProject
Project("{6EC3EE1D-3C4E-46DD-8F32-0CC8E7565705}") = "edLayout.Tests", "src\edLayout.Tests\edLayout.Tests.fsproj", "{6754AB4C-0921-4C5F-9AAE-975D4392A071}"
EndProject
Project("{2150E333-8FDC-42A3-9474-1A3956D46DE8}") = "scripts", "scripts", "{E13E840A-A8A9-4E5B-82E3-1A12CFF86132}"
	ProjectSection(SolutionItems) = preProject
		scripts\lint.ps1 = scripts\lint.ps1
		scripts\publish.ps1 = scripts\publish.ps1
		scripts\run.ps1 = scripts\run.ps1
	EndProjectSection
EndProject
Project("{2150E333-8FDC-42A3-9474-1A3956D46DE8}") = "layouts", "layouts", "{AFC1BDC0-517F-404E-9B03-A902D17EB7F6}"
	ProjectSection(SolutionItems) = preProject
		layouts\arensito.json = layouts\arensito.json
		layouts\asset.json = layouts\asset.json
		layouts\capewell.json = layouts\capewell.json
		layouts\collemak.json = layouts\collemak.json
		layouts\mtgap v2.json = layouts\mtgap v2.json
		layouts\my v1.json = layouts\my v1.json
		layouts\my v2.json = layouts\my v2.json
		layouts\my v3.json = layouts\my v3.json
		layouts\my v4.json = layouts\my v4.json
		layouts\norman l.json = layouts\norman l.json
		layouts\norman lr.json = layouts\norman lr.json
	EndProjectSection
EndProject
Project("{2150E333-8FDC-42A3-9474-1A3956D46DE8}") = "extra", "extra", "{9F171061-6EB4-48A0-9BFE-09AD9D36BE1D}"
	ProjectSection(SolutionItems) = preProject
		layouts-ex\arensito.json = layouts-ex\arensito.json
		layouts-ex\asset.json = layouts-ex\asset.json
		layouts-ex\breakl15.json = layouts-ex\breakl15.json
		layouts-ex\c-querty 1-2.json = layouts-ex\c-querty 1-2.json
		layouts-ex\c-querty n.json = layouts-ex\c-querty n.json
		layouts-ex\c-querty.json = layouts-ex\c-querty.json
		layouts-ex\capewell-dvorak.json = layouts-ex\capewell-dvorak.json
		layouts-ex\capewell.json = layouts-ex\capewell.json
		layouts-ex\collemak.json = layouts-ex\collemak.json
		layouts-ex\dvorak.json = layouts-ex\dvorak.json
		layouts-ex\gelatin.json = layouts-ex\gelatin.json
		layouts-ex\kaehi.json = layouts-ex\kaehi.json
		layouts-ex\klausler.json = layouts-ex\klausler.json
		layouts-ex\mtgap v1.json = layouts-ex\mtgap v1.json
		layouts-ex\mtgap v2.json = layouts-ex\mtgap v2.json
		layouts-ex\my v1.json = layouts-ex\my v1.json
		layouts-ex\my v2.json = layouts-ex\my v2.json
		layouts-ex\my v3.json = layouts-ex\my v3.json
		layouts-ex\my v4.json = layouts-ex\my v4.json
		layouts-ex\niro.json = layouts-ex\niro.json
		layouts-ex\norman l.json = layouts-ex\norman l.json
		layouts-ex\norman lr.json = layouts-ex\norman lr.json
		layouts-ex\norman.json = layouts-ex\norman.json
		layouts-ex\qfmlwy.json = layouts-ex\qfmlwy.json
		layouts-ex\qgmlwb.json = layouts-ex\qgmlwb.json
		layouts-ex\qgmlwy.json = layouts-ex\qgmlwy.json
		layouts-ex\qwerty.json = layouts-ex\qwerty.json
		layouts-ex\soul.json = layouts-ex\soul.json
		layouts-ex\tnwmlc.json = layouts-ex\tnwmlc.json
		layouts-ex\workman.json = layouts-ex\workman.json
	EndProjectSection
EndProject
Global
	GlobalSection(SolutionConfigurationPlatforms) = preSolution
		Debug|Any CPU = Debug|Any CPU
		Release|Any CPU = Release|Any CPU
	EndGlobalSection
	GlobalSection(ProjectConfigurationPlatforms) = postSolution
		{D34B1902-79FC-4451-A483-74A5430F15AC}.Debug|Any CPU.ActiveCfg = Debug|Any CPU
		{D34B1902-79FC-4451-A483-74A5430F15AC}.Debug|Any CPU.Build.0 = Debug|Any CPU
		{D34B1902-79FC-4451-A483-74A5430F15AC}.Release|Any CPU.ActiveCfg = Release|Any CPU
		{D34B1902-79FC-4451-A483-74A5430F15AC}.Release|Any CPU.Build.0 = Release|Any CPU
		{6754AB4C-0921-4C5F-9AAE-975D4392A071}.Debug|Any CPU.ActiveCfg = Debug|Any CPU
		{6754AB4C-0921-4C5F-9AAE-975D4392A071}.Debug|Any CPU.Build.0 = Debug|Any CPU
		{6754AB4C-0921-4C5F-9AAE-975D4392A071}.Release|Any CPU.ActiveCfg = Release|Any CPU
		{6754AB4C-0921-4C5F-9AAE-975D4392A071}.Release|Any CPU.Build.0 = Release|Any CPU
	EndGlobalSection
	GlobalSection(SolutionProperties) = preSolution
		HideSolutionNode = FALSE
	EndGlobalSection
	GlobalSection(NestedProjects) = preSolution
		{E13E840A-A8A9-4E5B-82E3-1A12CFF86132} = {672E0C03-8A08-4D48-BD57-E06025439E3A}
		{AFC1BDC0-517F-404E-9B03-A902D17EB7F6} = {672E0C03-8A08-4D48-BD57-E06025439E3A}
		{9F171061-6EB4-48A0-9BFE-09AD9D36BE1D} = {AFC1BDC0-517F-404E-9B03-A902D17EB7F6}
	EndGlobalSection
	GlobalSection(ExtensibilityGlobals) = postSolution
		SolutionGuid = {1EF56F16-2A51-4C23-BE6C-6F237E6C6037}
	EndGlobalSection
EndGlobal
